// !$*UTF8*$!
{
	archiveVersion = 1;
	classes = {
	};
	objectVersion = 46;
	objects = {

/* Begin PBXBuildFile section */
		614C4DCF16E8352A0081A4BF /* HTScrollerViewController.m in Sources */ = {isa = PBXBuildFile; fileRef = 614C4DCE16E835290081A4BF /* HTScrollerViewController.m */; };
		61B84AE616E8ADE500057BDA /* HTPageViewController.m in Sources */ = {isa = PBXBuildFile; fileRef = 61B84AE516E8ADE500057BDA /* HTPageViewController.m */; };
		61B84AE916E8C46500057BDA /* HTPage2ViewController.m in Sources */ = {isa = PBXBuildFile; fileRef = 61B84AE816E8C46500057BDA /* HTPage2ViewController.m */; };
		61C8074216E4E7F300584316 /* UIKit.framework in Frameworks */ = {isa = PBXBuildFile; fileRef = 61C8074116E4E7F300584316 /* UIKit.framework */; };
		61C8074416E4E7F300584316 /* Foundation.framework in Frameworks */ = {isa = PBXBuildFile; fileRef = 61C8074316E4E7F300584316 /* Foundation.framework */; };
		61C8074616E4E7F300584316 /* CoreGraphics.framework in Frameworks */ = {isa = PBXBuildFile; fileRef = 61C8074516E4E7F300584316 /* CoreGraphics.framework */; };
		61C8074816E4E7F300584316 /* CoreData.framework in Frameworks */ = {isa = PBXBuildFile; fileRef = 61C8074716E4E7F300584316 /* CoreData.framework */; };
		61C8074E16E4E7F300584316 /* InfoPlist.strings in Resources */ = {isa = PBXBuildFile; fileRef = 61C8074C16E4E7F300584316 /* InfoPlist.strings */; };
		61C8075016E4E7F300584316 /* main.m in Sources */ = {isa = PBXBuildFile; fileRef = 61C8074F16E4E7F300584316 /* main.m */; };
		61C8075416E4E7F300584316 /* HTAppDelegate.m in Sources */ = {isa = PBXBuildFile; fileRef = 61C8075316E4E7F300584316 /* HTAppDelegate.m */; };
		61C8075616E4E7F300584316 /* Default.png in Resources */ = {isa = PBXBuildFile; fileRef = 61C8075516E4E7F300584316 /* Default.png */; };
		61C8075816E4E7F300584316 /* Default@2x.png in Resources */ = {isa = PBXBuildFile; fileRef = 61C8075716E4E7F300584316 /* Default@2x.png */; };
		61C8075A16E4E7F300584316 /* Default-568h@2x.png in Resources */ = {isa = PBXBuildFile; fileRef = 61C8075916E4E7F300584316 /* Default-568h@2x.png */; };
		61C8075D16E4E7F300584316 /* swipePush.xcdatamodeld in Sources */ = {isa = PBXBuildFile; fileRef = 61C8075B16E4E7F300584316 /* swipePush.xcdatamodeld */; };
		61C8076416E4EBEA00584316 /* Storyboard.storyboard in Resources */ = {isa = PBXBuildFile; fileRef = 61C8076316E4EBEA00584316 /* Storyboard.storyboard */; };
		61C8076A16E6167800584316 /* HTIndexViewController.m in Sources */ = {isa = PBXBuildFile; fileRef = 61C8076916E6167700584316 /* HTIndexViewController.m */; };
		61C8076D16E618AB00584316 /* HTSubPageViewController.m in Sources */ = {isa = PBXBuildFile; fileRef = 61C8076C16E618AB00584316 /* HTSubPageViewController.m */; };
		61C8077016E619C700584316 /* HTLeftSubViewController.m in Sources */ = {isa = PBXBuildFile; fileRef = 61C8076F16E619C700584316 /* HTLeftSubViewController.m */; };
		61C8077316E61AD700584316 /* HTPushLeftSegue.m in Sources */ = {isa = PBXBuildFile; fileRef = 61C8077216E61AD700584316 /* HTPushLeftSegue.m */; };
		61C8077516E622F200584316 /* QuartzCore.framework in Frameworks */ = {isa = PBXBuildFile; fileRef = 61C8077416E622F200584316 /* QuartzCore.framework */; };
/* End PBXBuildFile section */

/* Begin PBXFileReference section */
		614C4DCD16E835290081A4BF /* HTScrollerViewController.h */ = {isa = PBXFileReference; fileEncoding = 4; lastKnownFileType = sourcecode.c.h; path = HTScrollerViewController.h; sourceTree = "<group>"; };
		614C4DCE16E835290081A4BF /* HTScrollerViewController.m */ = {isa = PBXFileReference; fileEncoding = 4; lastKnownFileType = sourcecode.c.objc; path = HTScrollerViewController.m; sourceTree = "<group>"; };
		61B84AE416E8ADE500057BDA /* HTPageViewController.h */ = {isa = PBXFileReference; fileEncoding = 4; lastKnownFileType = sourcecode.c.h; path = HTPageViewController.h; sourceTree = "<group>"; };
		61B84AE516E8ADE500057BDA /* HTPageViewController.m */ = {isa = PBXFileReference; fileEncoding = 4; lastKnownFileType = sourcecode.c.objc; path = HTPageViewController.m; sourceTree = "<group>"; };
		61B84AE716E8C46500057BDA /* HTPage2ViewController.h */ = {isa = PBXFileReference; fileEncoding = 4; lastKnownFileType = sourcecode.c.h; path = HTPage2ViewController.h; sourceTree = "<group>"; };
		61B84AE816E8C46500057BDA /* HTPage2ViewController.m */ = {isa = PBXFileReference; fileEncoding = 4; lastKnownFileType = sourcecode.c.objc; path = HTPage2ViewController.m; sourceTree = "<group>"; };
		61C8073E16E4E7F300584316 /* swipePush.app */ = {isa = PBXFileReference; explicitFileType = wrapper.application; includeInIndex = 0; path = swipePush.app; sourceTree = BUILT_PRODUCTS_DIR; };
		61C8074116E4E7F300584316 /* UIKit.framework */ = {isa = PBXFileReference; lastKnownFileType = wrapper.framework; name = UIKit.framework; path = System/Library/Frameworks/UIKit.framework; sourceTree = SDKROOT; };
		61C8074316E4E7F300584316 /* Foundation.framework */ = {isa = PBXFileReference; lastKnownFileType = wrapper.framework; name = Foundation.framework; path = System/Library/Frameworks/Foundation.framework; sourceTree = SDKROOT; };
		61C8074516E4E7F300584316 /* CoreGraphics.framework */ = {isa = PBXFileReference; lastKnownFileType = wrapper.framework; name = CoreGraphics.framework; path = System/Library/Frameworks/CoreGraphics.framework; sourceTree = SDKROOT; };
		61C8074716E4E7F300584316 /* CoreData.framework */ = {isa = PBXFileReference; lastKnownFileType = wrapper.framework; name = CoreData.framework; path = System/Library/Frameworks/CoreData.framework; sourceTree = SDKROOT; };
		61C8074B16E4E7F300584316 /* swipePush-Info.plist */ = {isa = PBXFileReference; lastKnownFileType = text.plist.xml; path = "swipePush-Info.plist"; sourceTree = "<group>"; };
		61C8074D16E4E7F300584316 /* en */ = {isa = PBXFileReference; lastKnownFileType = text.plist.strings; name = en; path = en.lproj/InfoPlist.strings; sourceTree = "<group>"; };
		61C8074F16E4E7F300584316 /* main.m */ = {isa = PBXFileReference; lastKnownFileType = sourcecode.c.objc; path = main.m; sourceTree = "<group>"; };
		61C8075116E4E7F300584316 /* swipePush-Prefix.pch */ = {isa = PBXFileReference; lastKnownFileType = sourcecode.c.h; path = "swipePush-Prefix.pch"; sourceTree = "<group>"; };
		61C8075216E4E7F300584316 /* HTAppDelegate.h */ = {isa = PBXFileReference; lastKnownFileType = sourcecode.c.h; path = HTAppDelegate.h; sourceTree = "<group>"; };
		61C8075316E4E7F300584316 /* HTAppDelegate.m */ = {isa = PBXFileReference; lastKnownFileType = sourcecode.c.objc; path = HTAppDelegate.m; sourceTree = "<group>"; };
		61C8075516E4E7F300584316 /* Default.png */ = {isa = PBXFileReference; lastKnownFileType = image.png; path = Default.png; sourceTree = "<group>"; };
		61C8075716E4E7F300584316 /* Default@2x.png */ = {isa = PBXFileReference; lastKnownFileType = image.png; path = "Default@2x.png"; sourceTree = "<group>"; };
		61C8075916E4E7F300584316 /* Default-568h@2x.png */ = {isa = PBXFileReference; lastKnownFileType = image.png; path = "Default-568h@2x.png"; sourceTree = "<group>"; };
		61C8075C16E4E7F300584316 /* swipePush.xcdatamodel */ = {isa = PBXFileReference; lastKnownFileType = wrapper.xcdatamodel; path = swipePush.xcdatamodel; sourceTree = "<group>"; };
		61C8076316E4EBEA00584316 /* Storyboard.storyboard */ = {isa = PBXFileReference; fileEncoding = 4; lastKnownFileType = file.storyboard; path = Storyboard.storyboard; sourceTree = "<group>"; };
		61C8076816E6167700584316 /* HTIndexViewController.h */ = {isa = PBXFileReference; fileEncoding = 4; lastKnownFileType = sourcecode.c.h; path = HTIndexViewController.h; sourceTree = "<group>"; };
		61C8076916E6167700584316 /* HTIndexViewController.m */ = {isa = PBXFileReference; fileEncoding = 4; lastKnownFileType = sourcecode.c.objc; path = HTIndexViewController.m; sourceTree = "<group>"; };
		61C8076B16E618AB00584316 /* HTSubPageViewController.h */ = {isa = PBXFileReference; fileEncoding = 4; lastKnownFileType = sourcecode.c.h; path = HTSubPageViewController.h; sourceTree = "<group>"; };
		61C8076C16E618AB00584316 /* HTSubPageViewController.m */ = {isa = PBXFileReference; fileEncoding = 4; lastKnownFileType = sourcecode.c.objc; path = HTSubPageViewController.m; sourceTree = "<group>"; };
		61C8076E16E619C700584316 /* HTLeftSubViewController.h */ = {isa = PBXFileReference; fileEncoding = 4; lastKnownFileType = sourcecode.c.h; path = HTLeftSubViewController.h; sourceTree = "<group>"; };
		61C8076F16E619C700584316 /* HTLeftSubViewController.m */ = {isa = PBXFileReference; fileEncoding = 4; lastKnownFileType = sourcecode.c.objc; path = HTLeftSubViewController.m; sourceTree = "<group>"; };
		61C8077116E61AD700584316 /* HTPushLeftSegue.h */ = {isa = PBXFileReference; fileEncoding = 4; lastKnownFileType = sourcecode.c.h; path = HTPushLeftSegue.h; sourceTree = "<group>"; };
		61C8077216E61AD700584316 /* HTPushLeftSegue.m */ = {isa = PBXFileReference; fileEncoding = 4; lastKnownFileType = sourcecode.c.objc; path = HTPushLeftSegue.m; sourceTree = "<group>"; };
		61C8077416E622F200584316 /* QuartzCore.framework */ = {isa = PBXFileReference; lastKnownFileType = wrapper.framework; name = QuartzCore.framework; path = System/Library/Frameworks/QuartzCore.framework; sourceTree = SDKROOT; };
/* End PBXFileReference section */

/* Begin PBXFrameworksBuildPhase section */
		61C8073B16E4E7F300584316 /* Frameworks */ = {
			isa = PBXFrameworksBuildPhase;
			buildActionMask = 2147483647;
			files = (
				61C8077516E622F200584316 /* QuartzCore.framework in Frameworks */,
				61C8074216E4E7F300584316 /* UIKit.framework in Frameworks */,
				61C8074416E4E7F300584316 /* Foundation.framework in Frameworks */,
				61C8074616E4E7F300584316 /* CoreGraphics.framework in Frameworks */,
				61C8074816E4E7F300584316 /* CoreData.framework in Frameworks */,
			);
			runOnlyForDeploymentPostprocessing = 0;
		};
/* End PBXFrameworksBuildPhase section */

/* Begin PBXGroup section */
		61C8073516E4E7F300584316 = {
			isa = PBXGroup;
			children = (
				61C8074916E4E7F300584316 /* swipePush */,
				61C8074016E4E7F300584316 /* Frameworks */,
				61C8073F16E4E7F300584316 /* Products */,
			);
			sourceTree = "<group>";
		};
		61C8073F16E4E7F300584316 /* Products */ = {
			isa = PBXGroup;
			children = (
				61C8073E16E4E7F300584316 /* swipePush.app */,
			);
			name = Products;
			sourceTree = "<group>";
		};
		61C8074016E4E7F300584316 /* Frameworks */ = {
			isa = PBXGroup;
			children = (
				61C8077416E622F200584316 /* QuartzCore.framework */,
				61C8074116E4E7F300584316 /* UIKit.framework */,
				61C8074316E4E7F300584316 /* Foundation.framework */,
				61C8074516E4E7F300584316 /* CoreGraphics.framework */,
				61C8074716E4E7F300584316 /* CoreData.framework */,
			);
			name = Frameworks;
			sourceTree = "<group>";
		};
		61C8074916E4E7F300584316 /* swipePush */ = {
			isa = PBXGroup;
			children = (
				61C8075216E4E7F300584316 /* HTAppDelegate.h */,
				61C8075316E4E7F300584316 /* HTAppDelegate.m */,
				61C8075B16E4E7F300584316 /* swipePush.xcdatamodeld */,
				61C8074A16E4E7F300584316 /* Supporting Files */,
				61C8076316E4EBEA00584316 /* Storyboard.storyboard */,
				61C8076816E6167700584316 /* HTIndexViewController.h */,
				61C8076916E6167700584316 /* HTIndexViewController.m */,
				61C8076B16E618AB00584316 /* HTSubPageViewController.h */,
				61C8076C16E618AB00584316 /* HTSubPageViewController.m */,
				61C8076E16E619C700584316 /* HTLeftSubViewController.h */,
				61C8076F16E619C700584316 /* HTLeftSubViewController.m */,
				61C8077116E61AD700584316 /* HTPushLeftSegue.h */,
				61C8077216E61AD700584316 /* HTPushLeftSegue.m */,
				614C4DCD16E835290081A4BF /* HTScrollerViewController.h */,
				614C4DCE16E835290081A4BF /* HTScrollerViewController.m */,
				61B84AE416E8ADE500057BDA /* HTPageViewController.h */,
				61B84AE516E8ADE500057BDA /* HTPageViewController.m */,
				61B84AE716E8C46500057BDA /* HTPage2ViewController.h */,
				61B84AE816E8C46500057BDA /* HTPage2ViewController.m */,
			);
			path = swipePush;
			sourceTree = "<group>";
		};
		61C8074A16E4E7F300584316 /* Supporting Files */ = {
			isa = PBXGroup;
			children = (
				61C8074B16E4E7F300584316 /* swipePush-Info.plist */,
				61C8074C16E4E7F300584316 /* InfoPlist.strings */,
				61C8074F16E4E7F300584316 /* main.m */,
				61C8075116E4E7F300584316 /* swipePush-Prefix.pch */,
				61C8075516E4E7F300584316 /* Default.png */,
				61C8075716E4E7F300584316 /* Default@2x.png */,
				61C8075916E4E7F300584316 /* Default-568h@2x.png */,
			);
			name = "Supporting Files";
			sourceTree = "<group>";
		};
/* End PBXGroup section */

/* Begin PBXNativeTarget section */
		61C8073D16E4E7F300584316 /* swipePush */ = {
			isa = PBXNativeTarget;
			buildConfigurationList = 61C8076016E4E7F300584316 /* Build configuration list for PBXNativeTarget "swipePush" */;
			buildPhases = (
				61C8073A16E4E7F300584316 /* Sources */,
				61C8073B16E4E7F300584316 /* Frameworks */,
				61C8073C16E4E7F300584316 /* Resources */,
			);
			buildRules = (
			);
			dependencies = (
			);
			name = swipePush;
			productName = swipePush;
			productReference = 61C8073E16E4E7F300584316 /* swipePush.app */;
			productType = "com.apple.product-type.application";
		};
/* End PBXNativeTarget section */

/* Begin PBXProject section */
		61C8073616E4E7F300584316 /* Project object */ = {
			isa = PBXProject;
			attributes = {
				CLASSPREFIX = HT;
				LastUpgradeCheck = 0460;
				ORGANIZATIONNAME = liulishuo;
			};
			buildConfigurationList = 61C8073916E4E7F300584316 /* Build configuration list for PBXProject "swipePush" */;
			compatibilityVersion = "Xcode 3.2";
			developmentRegion = English;
			hasScannedForEncodings = 0;
			knownRegions = (
				en,
			);
			mainGroup = 61C8073516E4E7F300584316;
			productRefGroup = 61C8073F16E4E7F300584316 /* Products */;
			projectDirPath = "";
			projectRoot = "";
			targets = (
				61C8073D16E4E7F300584316 /* swipePush */,
			);
		};
/* End PBXProject section */

/* Begin PBXResourcesBuildPhase section */
		61C8073C16E4E7F300584316 /* Resources */ = {
			isa = PBXResourcesBuildPhase;
			buildActionMask = 2147483647;
			files = (
				61C8074E16E4E7F300584316 /* InfoPlist.strings in Resources */,
				61C8075616E4E7F300584316 /* Default.png in Resources */,
				61C8075816E4E7F300584316 /* Default@2x.png in Resources */,
				61C8075A16E4E7F300584316 /* Default-568h@2x.png in Resources */,
				61C8076416E4EBEA00584316 /* Storyboard.storyboard in Resources */,
			);
			runOnlyForDeploymentPostprocessing = 0;
		};
/* End PBXResourcesBuildPhase section */

/* Begin PBXSourcesBuildPhase section */
		61C8073A16E4E7F300584316 /* Sources */ = {
			isa = PBXSourcesBuildPhase;
			buildActionMask = 2147483647;
			files = (
				61C8075016E4E7F300584316 /* main.m in Sources */,
				61C8075416E4E7F300584316 /* HTAppDelegate.m in Sources */,
				61C8075D16E4E7F300584316 /* swipePush.xcdatamodeld in Sources */,
				61C8076A16E6167800584316 /* HTIndexViewController.m in Sources */,
				61C8076D16E618AB00584316 /* HTSubPageViewController.m in Sources */,
				61C8077016E619C700584316 /* HTLeftSubViewController.m in Sources */,
				61C8077316E61AD700584316 /* HTPushLeftSegue.m in Sources */,
				614C4DCF16E8352A0081A4BF /* HTScrollerViewController.m in Sources */,
				61B84AE616E8ADE500057BDA /* HTPageViewController.m in Sources */,
				61B84AE916E8C46500057BDA /* HTPage2ViewController.m in Sources */,
			);
			runOnlyForDeploymentPostprocessing = 0;
		};
/* End PBXSourcesBuildPhase section */

/* Begin PBXVariantGroup section */
		61C8074C16E4E7F300584316 /* InfoPlist.strings */ = {
			isa = PBXVariantGroup;
			children = (
				61C8074D16E4E7F300584316 /* en */,
			);
			name = InfoPlist.strings;
			sourceTree = "<group>";
		};
/* End PBXVariantGroup section */

/* Begin XCBuildConfiguration section */
		61C8075E16E4E7F300584316 /* Debug */ = {
			isa = XCBuildConfiguration;
			buildSettings = {
				ALWAYS_SEARCH_USER_PATHS = NO;
				CLANG_CXX_LANGUAGE_STANDARD = "gnu++0x";
				CLANG_CXX_LIBRARY = "libc++";
				CLANG_ENABLE_OBJC_ARC = YES;
				CLANG_WARN_CONSTANT_CONVERSION = YES;
				CLANG_WARN_EMPTY_BODY = YES;
				CLANG_WARN_ENUM_CONVERSION = YES;
				CLANG_WARN_INT_CONVERSION = YES;
				CLANG_WARN__DUPLICATE_METHOD_MATCH = YES;
				"CODE_SIGN_IDENTITY[sdk=iphoneos*]" = "iPhone Developer";
				COPY_PHASE_STRIP = NO;
				GCC_C_LANGUAGE_STANDARD = gnu99;
				GCC_DYNAMIC_NO_PIC = NO;
				GCC_OPTIMIZATION_LEVEL = 0;
				GCC_PREPROCESSOR_DEFINITIONS = (
					"DEBUG=1",
					"$(inherited)",
				);
				GCC_SYMBOLS_PRIVATE_EXTERN = NO;
				GCC_WARN_ABOUT_RETURN_TYPE = YES;
				GCC_WARN_UNINITIALIZED_AUTOS = YES;
				GCC_WARN_UNUSED_VARIABLE = YES;
				IPHONEOS_DEPLOYMENT_TARGET = 5.0;
				ONLY_ACTIVE_ARCH = YES;
				SDKROOT = iphoneos;
			};
			name = Debug;
		};
		61C8075F16E4E7F300584316 /* Release */ = {
			isa = XCBuildConfiguration;
			buildSettings = {
				ALWAYS_SEARCH_USER_PATHS = NO;
				CLANG_CXX_LANGUAGE_STANDARD = "gnu++0x";
				CLANG_CXX_LIBRARY = "libc++";
				CLANG_ENABLE_OBJC_ARC = YES;
				CLANG_WARN_CONSTANT_CONVERSION = YES;
				CLANG_WARN_EMPTY_BODY = YES;
				CLANG_WARN_ENUM_CONVERSION = YES;
				CLANG_WARN_INT_CONVERSION = YES;
				CLANG_WARN__DUPLICATE_METHOD_MATCH = YES;
				"CODE_SIGN_IDENTITY[sdk=iphoneos*]" = "iPhone Developer";
				COPY_PHASE_STRIP = YES;
				GCC_C_LANGUAGE_STANDARD = gnu99;
				GCC_WARN_ABOUT_RETURN_TYPE = YES;
				GCC_WARN_UNINITIALIZED_AUTOS = YES;
				GCC_WARN_UNUSED_VARIABLE = YES;
				IPHONEOS_DEPLOYMENT_TARGET = 5.0;
				OTHER_CFLAGS = "-DNS_BLOCK_ASSERTIONS=1";
				SDKROOT = iphoneos;
				VALIDATE_PRODUCT = YES;
			};
			name = Release;
		};
		61C8076116E4E7F300584316 /* Debug */ = {
			isa = XCBuildConfiguration;
			buildSettings = {
				GCC_PRECOMPILE_PREFIX_HEADER = YES;
				GCC_PREFIX_HEADER = "swipePush/swipePush-Prefix.pch";
				INFOPLIST_FILE = "swipePush/swipePush-Info.plist";
				IPHONEOS_DEPLOYMENT_TARGET = 5.0;
				PRODUCT_NAME = "$(TARGET_NAME)";
				WRAPPER_EXTENSION = app;
			};
			name = Debug;
		};
		61C8076216E4E7F300584316 /* Release */ = {
			isa = XCBuildConfiguration;
			buildSettings = {
				GCC_PRECOMPILE_PREFIX_HEADER = YES;
				GCC_PREFIX_HEADER = "swipePush/swipePush-Prefix.pch";
				INFOPLIST_FILE = "swipePush/swipePush-Info.plist";
				IPHONEOS_DEPLOYMENT_TARGET = 5.0;
				PRODUCT_NAME = "$(TARGET_NAME)";
				WRAPPER_EXTENSION = app;
			};
			name = Release;
		};
/* End XCBuildConfiguration section */

/* Begin XCConfigurationList section */
		61C8073916E4E7F300584316 /* Build configuration list for PBXProject "swipePush" */ = {
			isa = XCConfigurationList;
			buildConfigurations = (
				61C8075E16E4E7F300584316 /* Debug */,
				61C8075F16E4E7F300584316 /* Release */,
			);
			defaultConfigurationIsVisible = 0;
			defaultConfigurationName = Release;
		};
		61C8076016E4E7F300584316 /* Build configuration list for PBXNativeTarget "swipePush" */ = {
			isa = XCConfigurationList;
			buildConfigurations = (
				61C8076116E4E7F300584316 /* Debug */,
				61C8076216E4E7F300584316 /* Release */,
			);
			defaultConfigurationIsVisible = 0;
			defaultConfigurationName = Release;
		};
/* End XCConfigurationList section */

/* Begin XCVersionGroup section */
		61C8075B16E4E7F300584316 /* swipePush.xcdatamodeld */ = {
			isa = XCVersionGroup;
			children = (
				61C8075C16E4E7F300584316 /* swipePush.xcdatamodel */,
			);
			currentVersion = 61C8075C16E4E7F300584316 /* swipePush.xcdatamodel */;
			path = swipePush.xcdatamodeld;
			sourceTree = "<group>";
			versionGroupType = wrapper.xcdatamodel;
		};
/* End XCVersionGroup section */
	};
	rootObject = 61C8073616E4E7F300584316 /* Project object */;
}
